
Microsoft Visual Studio Solution File, Format Version 12.00
# Visual Studio Version 17
VisualStudioVersion = 17.10.35027.167
MinimumVisualStudioVersion = 10.0.40219.1
Project("{FAE04EC0-301F-11D3-BF4B-00C04F79EFBC}") = "1150080040_NguyenVanToan_Lab6", "1150080040_NguyenVanToan_Lab6\1150080040_NguyenVanToan_Lab6.csproj", "{BB35E874-D792-48E1-B480-1C51E171FE86}"
EndProject
Global
	GlobalSection(SolutionConfigurationPlatforms) = preSolution
		Debug|Any CPU = Debug|Any CPU
		Release|Any CPU = Release|Any CPU
	EndGlobalSection
	GlobalSection(ProjectConfigurationPlatforms) = postSolution
		{BB35E874-D792-48E1-B480-1C51E171FE86}.Debug|Any CPU.ActiveCfg = Debug|Any CPU
		{BB35E874-D792-48E1-B480-1C51E171FE86}.Debug|Any CPU.Build.0 = Debug|Any CPU
		{BB35E874-D792-48E1-B480-1C51E171FE86}.Release|Any CPU.ActiveCfg = Release|Any CPU
		{BB35E874-D792-48E1-B480-1C51E171FE86}.Release|Any CPU.Build.0 = Release|Any CPU
	EndGlobalSection
	GlobalSection(SolutionProperties) = preSolution
		HideSolutionNode = FALSE
	EndGlobalSection
	GlobalSection(ExtensibilityGlobals) = postSolution
		SolutionGuid = {64C1C139-EBEB-460D-BEA6-7F192E7D9E5A}
	EndGlobalSection
EndGlobal
