
Microsoft Visual Studio Solution File, Format Version 12.00
# Visual Studio Version 17
VisualStudioVersion = 17.10.35027.167
MinimumVisualStudioVersion = 10.0.40219.1
Project("{FAE04EC0-301F-11D3-BF4B-00C04F79EFBC}") = "Lab4", "Lab4\Lab4.csproj", "{9EA5E4DA-3CD8-4BFC-982D-D2EFCB3A33A6}"
EndProject
Global
	GlobalSection(SolutionConfigurationPlatforms) = preSolution
		Debug|Any CPU = Debug|Any CPU
		Release|Any CPU = Release|Any CPU
	EndGlobalSection
	GlobalSection(ProjectConfigurationPlatforms) = postSolution
		{9EA5E4DA-3CD8-4BFC-982D-D2EFCB3A33A6}.Debug|Any CPU.ActiveCfg = Debug|Any CPU
		{9EA5E4DA-3CD8-4BFC-982D-D2EFCB3A33A6}.Debug|Any CPU.Build.0 = Debug|Any CPU
		{9EA5E4DA-3CD8-4BFC-982D-D2EFCB3A33A6}.Release|Any CPU.ActiveCfg = Release|Any CPU
		{9EA5E4DA-3CD8-4BFC-982D-D2EFCB3A33A6}.Release|Any CPU.Build.0 = Release|Any CPU
	EndGlobalSection
	GlobalSection(SolutionProperties) = preSolution
		HideSolutionNode = FALSE
	EndGlobalSection
	GlobalSection(ExtensibilityGlobals) = postSolution
		SolutionGuid = {2B580F41-F573-42C0-AFF5-42974BC53A56}
	EndGlobalSection
EndGlobal
