
Microsoft Visual Studio Solution File, Format Version 12.00
# Visual Studio Version 17
VisualStudioVersion = 17.10.35027.167
MinimumVisualStudioVersion = 10.0.40219.1
Project("{FAE04EC0-301F-11D3-BF4B-00C04F79EFBC}") = "ThucHanh1", "ThucHanh1\ThucHanh1.csproj", "{DB34381D-57F6-40C2-9F40-3676B0375F48}"
EndProject
Global
	GlobalSection(SolutionConfigurationPlatforms) = preSolution
		Debug|Any CPU = Debug|Any CPU
		Release|Any CPU = Release|Any CPU
	EndGlobalSection
	GlobalSection(ProjectConfigurationPlatforms) = postSolution
		{DB34381D-57F6-40C2-9F40-3676B0375F48}.Debug|Any CPU.ActiveCfg = Debug|Any CPU
		{DB34381D-57F6-40C2-9F40-3676B0375F48}.Debug|Any CPU.Build.0 = Debug|Any CPU
		{DB34381D-57F6-40C2-9F40-3676B0375F48}.Release|Any CPU.ActiveCfg = Release|Any CPU
		{DB34381D-57F6-40C2-9F40-3676B0375F48}.Release|Any CPU.Build.0 = Release|Any CPU
	EndGlobalSection
	GlobalSection(SolutionProperties) = preSolution
		HideSolutionNode = FALSE
	EndGlobalSection
	GlobalSection(ExtensibilityGlobals) = postSolution
		SolutionGuid = {AB23FD64-7D00-492B-AFD4-FB9DFDC5A2A8}
	EndGlobalSection
EndGlobal
